{
  "name": "tlm-cli-progress-fx",
  "version": "1.0.0",
  "lockfileVersion": 3,
  "requires": true,
  "packages": {
    "": {
      "name": "tlm-cli-progress-fx",
      "version": "1.0.0",
      "license": "MIT",
      "dependencies": {
        "tlm-cli-progress-fx": "^1.0.0"
      },
      "engines": {
        "node": ">=12.0.0"
      }
    },
    "node_modules/tlm-cli-progress-fx": {
      "version": "1.0.0",
      "resolved": "https://registry.npmjs.org/tlm-cli-progress-fx/-/tlm-cli-progress-fx-1.0.0.tgz",
      "integrity": "sha512-NxiHgd3DDbrGJ+ya7xJ001AFJb3KCcv4AequHzZfOkQLQaf9+o02ZoKZl7PQMokUD1ex+sSQTqnVBK9zIo05sQ==",
      "license": "MIT",
      "engines": {
        "node": ">=12.0.0"
      }
    }
  }
}
