{
  "name": "tlm-cli-progress-fx",
  "version": "1.0.1",
  "lockfileVersion": 3,
  "requires": true,
  "packages": {
    "": {
      "name": "tlm-cli-progress-fx",
      "version": "1.0.1",
      "license": "MIT",
      "dependencies": {
        "tlm-cli-progress-fx": "^1.0.1"
      },
      "engines": {
        "node": ">=12.0.0"
      }
    },
    "node_modules/tlm-cli-progress-fx": {
      "version": "1.0.1",
      "resolved": "https://registry.npmjs.org/tlm-cli-progress-fx/-/tlm-cli-progress-fx-1.0.1.tgz",
      "integrity": "sha512-UAnVax5kXFz4cRe3FWWZ480KQv6N18UbOy7H4VVSkHQj1iCAZiGRkKeHUrxbzlFi/aMQ1tM/gz86KlMqgZhXpg==",
      "license": "MIT",
      "engines": {
        "node": ">=12.0.0"
      }
    }
  }
}
